
Microsoft Visual Studio Solution File, Format Version 11.00
# Visual Studio 2010
Project("{FAE04EC0-301F-11D3-BF4B-00C04F79EFBC}") = "WebApi.JsonP", "WebApi.JsonP\WebApi.JsonP.csproj", "{0417A4E3-D6C7-4ED6-B482-4356205D87D2}"
EndProject
Global
	GlobalSection(SolutionConfigurationPlatforms) = preSolution
		Debug|Any CPU = Debug|Any CPU
		Release|Any CPU = Release|Any CPU
	EndGlobalSection
	GlobalSection(ProjectConfigurationPlatforms) = postSolution
		{0417A4E3-D6C7-4ED6-B482-4356205D87D2}.Debug|Any CPU.ActiveCfg = Debug|Any CPU
		{0417A4E3-D6C7-4ED6-B482-4356205D87D2}.Debug|Any CPU.Build.0 = Debug|Any CPU
		{0417A4E3-D6C7-4ED6-B482-4356205D87D2}.Release|Any CPU.ActiveCfg = Release|Any CPU
		{0417A4E3-D6C7-4ED6-B482-4356205D87D2}.Release|Any CPU.Build.0 = Release|Any CPU
	EndGlobalSection
	GlobalSection(SolutionProperties) = preSolution
		HideSolutionNode = FALSE
	EndGlobalSection
EndGlobal
